
Microsoft Visual Studio Solution File, Format Version 12.00
# Visual Studio 15
VisualStudioVersion = 15.0.27703.2042
MinimumVisualStudioVersion = 10.0.40219.1
Project("{FAE04EC0-301F-11D3-BF4B-00C04F79EFBC}") = "AttendanceTracker-Web", "AttendanceTracker-Web\AttendanceTracker-Web.csproj", "{311B2BCD-31A2-4A88-90A7-CF2DFC478256}"
EndProject
Project("{FAE04EC0-301F-11D3-BF4B-00C04F79EFBC}") = "AttendanceTracker-Web.Tests", "AttendanceTracker-Web.Tests\AttendanceTracker-Web.Tests.csproj", "{8CD80DDA-F18E-40E6-B5D0-36663DF7637E}"
EndProject
Global
	GlobalSection(SolutionConfigurationPlatforms) = preSolution
		Debug|Any CPU = Debug|Any CPU
		Release|Any CPU = Release|Any CPU
	EndGlobalSection
	GlobalSection(ProjectConfigurationPlatforms) = postSolution
		{311B2BCD-31A2-4A88-90A7-CF2DFC478256}.Debug|Any CPU.ActiveCfg = Debug|Any CPU
		{311B2BCD-31A2-4A88-90A7-CF2DFC478256}.Debug|Any CPU.Build.0 = Debug|Any CPU
		{311B2BCD-31A2-4A88-90A7-CF2DFC478256}.Release|Any CPU.ActiveCfg = Release|Any CPU
		{311B2BCD-31A2-4A88-90A7-CF2DFC478256}.Release|Any CPU.Build.0 = Release|Any CPU
		{8CD80DDA-F18E-40E6-B5D0-36663DF7637E}.Debug|Any CPU.ActiveCfg = Debug|Any CPU
		{8CD80DDA-F18E-40E6-B5D0-36663DF7637E}.Debug|Any CPU.Build.0 = Debug|Any CPU
		{8CD80DDA-F18E-40E6-B5D0-36663DF7637E}.Release|Any CPU.ActiveCfg = Release|Any CPU
		{8CD80DDA-F18E-40E6-B5D0-36663DF7637E}.Release|Any CPU.Build.0 = Release|Any CPU
	EndGlobalSection
	GlobalSection(SolutionProperties) = preSolution
		HideSolutionNode = FALSE
	EndGlobalSection
	GlobalSection(ExtensibilityGlobals) = postSolution
		SolutionGuid = {22017F0B-7DCC-4309-8AD2-1307B1701878}
	EndGlobalSection
EndGlobal
